{
  "pins" : [
    {
      "identity" : "patchfinderutils",
      "kind" : "remoteSourceControl",
      "location" : "https://github.com/m1zole/PatchfinderUtils",
      "state" : {
        "branch" : "master",
        "revision" : "3522d0a7bb1cff80e38d827baf1c241431c41175"
      }
    },
    {
      "identity" : "swiftmacho",
      "kind" : "remoteSourceControl",
      "location" : "https://github.com/pinauten/SwiftMachO",
      "state" : {
        "branch" : "master",
        "revision" : "7bcffb07259191f7103ded3d29c77f05b7fed396"
      }
    },
    {
      "identity" : "swiftutils",
      "kind" : "remoteSourceControl",
      "location" : "https://github.com/pinauten/SwiftUtils",
      "state" : {
        "branch" : "master",
        "revision" : "1d37faabb4c58b3152394c9b6e1c1a68507646b9"
      }
    }
  ],
  "version" : 2
}
